# TODO: AUTOMATIONS DONT SEEM TO BE IN HERE

# See https://wltd.org/posts/how-to-automatically-sync-ios-alarms-with-home-assistant
input_datetime:
  alarm_weekday:
    name: Weekday Alarm
    has_date: false
    has_time: true
    initial: "06:30:00"
    icon: mdi:alarm
  alarm_weekend:
    name: Weekend Alarm
    has_date: false
    has_time: true
    initial: "08:00:00"
    icon: mdi:alarm

input_boolean:
  alarm_clock:
    name: Enable Alarm Clock
    initial: on
    icon: mdi:alarm-check
# TODO: Atomatically set input_boolean if alarm is set in iOS

automation:
  # BIRD SOUNDS AND ARTIFICIAL SUNRISE 15 MINUTES BEFORE ALARM
  # TODO: Can they be combined into one - see https://chat.openai.com/share/e50de9e4-ba19-4a2b-8405-b7d9569ee138
  - alias: Alarm Clock - Birds and Sunrise Weekday
    id: "1693144963"
    description: "Turns on the bedroom light and plays birdsong 15 minutes before the alarm"
    trigger:
      platform: template
      value_template: >
        {{ (((states.input_datetime.alarm_weekday.attributes['timestamp']) - (15 * 60)) | timestamp_custom('%H:%M', False) ) == ( states.sensor.time.state ) }}
    condition:
      condition: and
      conditions:
        - condition: state
          entity_id: input_select.home_status
          state: "Home"
        - condition: state
          entity_id: input_boolean.alarm_clock
          state: "on"
        - condition: state
          entity_id: "binary_sensor.workday_sensor"
          state: "on"
    action:
      - service: switch.turn_off
        entity_id: switch.adaptive_lighting_master_bedroom
      - service: light.turn_on
        data:
          entity_id: light.master_bedroom_colour
          rgb_color: [165, 115, 42]
          transition: 900 # 15 minutes in seconds
      - service: media_player.volume_set
        data:
          entity_id: media_player.master_bedroom_wifi
          volume_level: 0.2
      - service: media_player.play_media
        entity_id: media_player.master_bedroom_wifi
        data:
          media_content_id: "https://www.gstatic.com/voice_delight/sounds/long/forest.mp3"
          media_content_type: "music"

  - alias: Alarm Clock - Birds and Sunrise Weekend
    id: "1693135034"
    description: >
      Turns on the bedroom light and plays birdsong 15 minutes before the alarm
    trigger:
      platform: template
      value_template: >
        {{ (((states.input_datetime.alarm_weekend.attributes['timestamp']) - (15 * 60)) | timestamp_custom('%H:%M', False) ) == ( states.sensor.time.state ) }}
    condition:
      condition: and
      conditions:
        - condition: state
          entity_id: input_select.home_status
          state: "Home"
        - condition: state
          entity_id: input_boolean.alarm_clock
          state: "on"
        - condition: state
          entity_id: "binary_sensor.workday_sensor"
          state: "off"
    action:
      - service: switch.turn_off
        entity_id: switch.adaptive_lighting_master_bedroom
      - service: light.turn_on
        data:
          entity_id: light.master_bedroom_colour
          rgb_color: [165, 115, 42]
          transition: >
            {{ 15 | int * 60 }}
      - service: media_player.volume_set
        data:
          entity_id: media_player.master_bedroom_wifi
          volume_level: 0.2
      - service: media_player.play_media
        entity_id: media_player.master_bedroom_wifi
        data:
          media_content_id: "https://www.gstatic.com/voice_delight/sounds/long/forest.mp3"
          media_content_type: "music"

  # MORNING BRIEFING IS A TTS AND IOS MESSAGE ALERT THROUGH BEDROOM SPEAKER, OF THE WEATHER AHEAD
  - alias: Alarm Clock - Morning Briefing Weekday
    id: "1693135035"
    description: >
      Greets the day with a weather briefing and plays music
    trigger:
      platform: template
      value_template: >
        {{ (((states.input_datetime.alarm_weekday.attributes['timestamp']) | timestamp_custom('%H:%M', False) ) == ( states.sensor.time.state )) }}
    condition:
      condition: and
      conditions:
        - condition: state
          entity_id: input_select.home_status
          state: "Home"
        - condition: state
          entity_id: input_boolean.alarm_clock
          state: "on"
        - condition: state
          entity_id: "binary_sensor.workday_sensor"
          state: "on"
    action:
      - service: switch.turn_on
        entity_id: switch.adaptive_lighting_master_bedroom
      - delay: "00:00:15"
      # - service: script.notify_engine
      #   data:
      #     notify_title: >
      #       {{ "\uD83C\uDF1E" }} Weather Briefing
      #     notify_message: >
      #       The current temperature is {{states('sensor.darksky_temperature')}}°C with projected highs of {{states('sensor.darksky_daytime_high_apparent_temperature_0d')}}°C. The forecast is {{states('sensor.darksky_hourly_summary')}}
      - service: script.tts_engine
        data:
          media_player: media_player.master_bedroom_wifi
          call_inside_weather: 1
          call_outside_weather: 1
          call_full_moon: 1
          #call_uv_index: 1
      # Delay allows TTS to put together the notification otherwise the wait template would activate immediately
      - delay: "00:00:15"
      - wait_template: "{{ is_state('media_player.master_bedroom_wifi', 'idle') or is_state('media_player.master_bedroom_wifi', 'off') }}"
      - service: media_player.volume_set
        data:
          entity_id: media_player.master_bedroom_wifi
          volume_level: 0.15
      - service: spotcast.start
        data:
          device_name: Bedroom Kitchen Lounge
          uri: >
            {{ [
            'spotify:user:spotify:playlist:37i9dQZEVXcHsW4pFj4T0C',
            'spotify:user:spotify:playlist:37i9dQZEVXbtkYqvjNCAlq',
            'spotify:user:spotify:playlist:37i9dQZF1DX4W3aJJYCDfV',
            'spotify:user:spotify:playlist:37i9dQZF1E39Ps1K88u1ff',
            'spotify:user:spotify:playlist:37i9dQZF1E35YKW6GUFybi',
            'spotify:user:spotify:playlist:37i9dQZF1E361Hv88hegzr',
            'spotify:user:spotify:playlist:37i9dQZF1E35HFSOhxdVZl',
            'spotify:user:spotify:playlist:37i9dQZF1E34SkVHjRrcrO',
            'spotify:user:spotify:playlist:37i9dQZF1E37vMthaZwm3G'
            ] | random }}
          # Discover Weekly, Release Radar, New Music Friday UK, Daily Mixes 1-6
          force_playback: true
          random_song: true
          shuffle: true
          repeat: true

  - alias: Alarm Clock - Morning Briefing Weekend
    id: "1693135036"
    description: >
      Greets the day with a weather briefing and plays music
    trigger:
      platform: template
      value_template: >
        {{ (((states.input_datetime.alarm_weekend.attributes['timestamp']) | timestamp_custom('%H:%M', False) ) == ( states.sensor.time.state )) }}
    condition:
      condition: and
      conditions:
        - condition: state
          entity_id: input_select.home_status
          state: "Home"
        - condition: state
          entity_id: input_boolean.alarm_clock
          state: "on"
        - condition: state
          entity_id: "binary_sensor.workday_sensor"
          state: "off"
    action:
      - service: switch.turn_on
        entity_id: switch.adaptive_lighting_master_bedroom
      - delay: "00:00:30"
      # - service: script.notify_engine
      #   data:
      #     notify_title: >
      #       {{ "\uD83C\uDF1E" }} Weather Briefing
      #     notify_message: >
      #       The current temperature is {{states('sensor.darksky_temperature')}}°C with projected highs of {{states('sensor.darksky_daytime_high_apparent_temperature_0d')}}°C. The forecast is {{states('sensor.darksky_hourly_summary')}}
      - service: script.tts_engine
        data:
          media_player: media_player.master_bedroom_wifi
          call_inside_weather: 1
          call_outside_weather: 1
          call_full_moon: 1
          #call_uv_index: 1
      # Delay allows TTS to put together the notification otherwise the wait template would activate immediately
      - delay: "00:00:15"
      - wait_template: "{{ is_state('media_player.master_bedroom_wifi', 'idle') or is_state('media_player.master_bedroom_wifi', 'off') }}"
      - service: media_player.volume_set
        data:
          entity_id: media_player.master_bedroom_wifi
          volume_level: 0.3
      - service: spotcast.start
        data:
          device_name: Bedroom Kitchen Lounge
          uri: >
            {{ [
            'spotify:user:spotify:playlist:37i9dQZEVXcHsW4pFj4T0C',
            'spotify:user:spotify:playlist:37i9dQZEVXbtkYqvjNCAlq',
            'spotify:user:spotify:playlist:37i9dQZF1DX4W3aJJYCDfV',
            'spotify:user:spotify:playlist:37i9dQZF1E39Ps1K88u1ff',
            'spotify:user:spotify:playlist:37i9dQZF1E35YKW6GUFybi',
            'spotify:user:spotify:playlist:37i9dQZF1E361Hv88hegzr',
            'spotify:user:spotify:playlist:37i9dQZF1E35HFSOhxdVZl',
            'spotify:user:spotify:playlist:37i9dQZF1E34SkVHjRrcrO',
            'spotify:user:spotify:playlist:37i9dQZF1E37vMthaZwm3G'
            ] | random }}
          # Discover Weekly, Release Radar, New Music Friday UK, Daily Mixes 1-6
          force_playback: true
          random_song: true
          shuffle: true
          repeat: true
